
Microsoft Visual Studio Solution File, Format Version 12.00
# Visual Studio 2012
Project("{FAE04EC0-301F-11D3-BF4B-00C04F79EFBC}") = "ValidationConstraintsObjectModel", "ValidationConstraints\ValidationConstraintsObjectModel.csproj", "{A383D8AE-2DC6-4FEE-B9C2-0417EFCBB5FB}"
EndProject
Project("{FAE04EC0-301F-11D3-BF4B-00C04F79EFBC}") = "ValidationConstraintsMethods", "ValidationConstraintsMethods\ValidationConstraintsMethods.csproj", "{D869CAD5-58FC-474F-B51D-A3A381170A77}"
EndProject
Project("{FAE04EC0-301F-11D3-BF4B-00C04F79EFBC}") = "Tests", "Test\Tests.csproj", "{F2B30AC0-3A13-4CE5-9B70-E1C86A801695}"
EndProject
Global
	GlobalSection(SolutionConfigurationPlatforms) = preSolution
		Debug|Any CPU = Debug|Any CPU
		Release|Any CPU = Release|Any CPU
	EndGlobalSection
	GlobalSection(ProjectConfigurationPlatforms) = postSolution
		{A383D8AE-2DC6-4FEE-B9C2-0417EFCBB5FB}.Debug|Any CPU.ActiveCfg = Debug|Any CPU
		{A383D8AE-2DC6-4FEE-B9C2-0417EFCBB5FB}.Debug|Any CPU.Build.0 = Debug|Any CPU
		{A383D8AE-2DC6-4FEE-B9C2-0417EFCBB5FB}.Release|Any CPU.ActiveCfg = Release|Any CPU
		{A383D8AE-2DC6-4FEE-B9C2-0417EFCBB5FB}.Release|Any CPU.Build.0 = Release|Any CPU
		{D869CAD5-58FC-474F-B51D-A3A381170A77}.Debug|Any CPU.ActiveCfg = Debug|Any CPU
		{D869CAD5-58FC-474F-B51D-A3A381170A77}.Debug|Any CPU.Build.0 = Debug|Any CPU
		{D869CAD5-58FC-474F-B51D-A3A381170A77}.Release|Any CPU.ActiveCfg = Release|Any CPU
		{D869CAD5-58FC-474F-B51D-A3A381170A77}.Release|Any CPU.Build.0 = Release|Any CPU
		{F2B30AC0-3A13-4CE5-9B70-E1C86A801695}.Debug|Any CPU.ActiveCfg = Debug|Any CPU
		{F2B30AC0-3A13-4CE5-9B70-E1C86A801695}.Debug|Any CPU.Build.0 = Debug|Any CPU
		{F2B30AC0-3A13-4CE5-9B70-E1C86A801695}.Release|Any CPU.ActiveCfg = Release|Any CPU
		{F2B30AC0-3A13-4CE5-9B70-E1C86A801695}.Release|Any CPU.Build.0 = Release|Any CPU
	EndGlobalSection
	GlobalSection(SolutionProperties) = preSolution
		HideSolutionNode = FALSE
	EndGlobalSection
EndGlobal
